# @generated by Move, please check-in and do not edit manually.

[move]
version = 3
manifest_digest = "3E26A109E7CE3CBE11D8B8118638DBED0512FDA90F7BF7DECD1634AB5B0B87C5"
deps_digest = "F8BBB0CCB2491CA29A3DF03D6F92277A4F3574266507ACD77214D37ECA3F3082"
dependencies = [
  { id = "Iota", name = "Iota" },
]

[[move.package]]
id = "Iota"
source = { git = "https://github.com/iotaledger/iota.git", rev = "develop", subdir = "crates/iota-framework/packages/iota-framework" }

dependencies = [
  { id = "MoveStdlib", name = "MoveStdlib" },
]

[[move.package]]
id = "MoveStdlib"
source = { git = "https://github.com/iotaledger/iota.git", rev = "develop", subdir = "crates/iota-framework/packages/move-stdlib" }

[move.toolchain-version]
compiler-version = "1.13.1-rc"
edition = "2024"
flavor = "iota"

[env]

[env.testnet]
chain-id = "2304aa97"
original-published-id = "0x088fd853003181b670522f9d16504834472e847b086021d395cddd374d6582fd"
latest-published-id = "0x088fd853003181b670522f9d16504834472e847b086021d395cddd374d6582fd"
published-version = "1"
