# @generated by Move, please check-in and do not edit manually.

[move]
version = 3
manifest_digest = "2CDF2CEBD25A0A99D24CFD8A693EFF3AE7CBE29048C6B822FEC7140C684A3592"
deps_digest = "F8BBB0CCB2491CA29A3DF03D6F92277A4F3574266507ACD77214D37ECA3F3082"
dependencies = [
  { id = "Iota", name = "Iota" },
]

[[move.package]]
id = "Iota"
source = { git = "https://github.com/iotaledger/iota.git", rev = "devnet", subdir = "crates/iota-framework/packages/iota-framework" }

dependencies = [
  { id = "MoveStdlib", name = "MoveStdlib" },
]

[[move.package]]
id = "MoveStdlib"
source = { git = "https://github.com/iotaledger/iota.git", rev = "devnet", subdir = "crates/iota-framework/packages/move-stdlib" }

[move.toolchain-version]
compiler-version = "1.13.1-rc"
edition = "2024"
flavor = "iota"

[env]

[env.testnet]
chain-id = "2304aa97"
original-published-id = "0x6f08868b2a5d49ec41b9018e8f8869e809ba169fa3e9a07733b8660a12e9b612"
latest-published-id = "0x6f08868b2a5d49ec41b9018e8f8869e809ba169fa3e9a07733b8660a12e9b612"
published-version = "1"
